# This file is generated by running "yarn install" inside your project.
# Manual changes might be lost - proceed with caution!

__metadata:
  version: 6
  cacheKey: 8

"ToDoList@workspace:.":
  version: 0.0.0-use.local
  resolution: "ToDoList@workspace:."
  dependencies:
    prop-type: ^0.0.1
  languageName: unknown
  linkType: soft

"prop-type@npm:^0.0.1":
  version: 0.0.1
  resolution: "prop-type@npm:0.0.1"
  checksum: 2d253fcad865a95aa47e5f4fc832fb163d96798b602110bafbe0a3af4aff2e6ce0b40678d435917d395bd6f42e121d1f117a9b0be4ea6c0acb12ffcf185862e1
  languageName: node
  linkType: hard
